
Microsoft Visual Studio Solution File, Format Version 12.00
# Visual Studio 15
VisualStudioVersion = 15.0.26730.16
MinimumVisualStudioVersion = 10.0.40219.1
Project("{FAE04EC0-301F-11D3-BF4B-00C04F79EFBC}") = "ConsginmentShopUI", "ConsginmentShopUI\ConsginmentShopUI.csproj", "{2AAE30C9-D9DC-4ABA-8984-84A8D3963E8C}"
EndProject
Project("{FAE04EC0-301F-11D3-BF4B-00C04F79EFBC}") = "ConsignmentShopLibrary", "ConsignmentShopLibrary\ConsignmentShopLibrary.csproj", "{7BB32F0D-3083-481E-A303-00C79D442094}"
EndProject
Global
	GlobalSection(SolutionConfigurationPlatforms) = preSolution
		Debug|Any CPU = Debug|Any CPU
		Release|Any CPU = Release|Any CPU
	EndGlobalSection
	GlobalSection(ProjectConfigurationPlatforms) = postSolution
		{2AAE30C9-D9DC-4ABA-8984-84A8D3963E8C}.Debug|Any CPU.ActiveCfg = Debug|Any CPU
		{2AAE30C9-D9DC-4ABA-8984-84A8D3963E8C}.Debug|Any CPU.Build.0 = Debug|Any CPU
		{2AAE30C9-D9DC-4ABA-8984-84A8D3963E8C}.Release|Any CPU.ActiveCfg = Release|Any CPU
		{2AAE30C9-D9DC-4ABA-8984-84A8D3963E8C}.Release|Any CPU.Build.0 = Release|Any CPU
		{7BB32F0D-3083-481E-A303-00C79D442094}.Debug|Any CPU.ActiveCfg = Debug|Any CPU
		{7BB32F0D-3083-481E-A303-00C79D442094}.Debug|Any CPU.Build.0 = Debug|Any CPU
		{7BB32F0D-3083-481E-A303-00C79D442094}.Release|Any CPU.ActiveCfg = Release|Any CPU
		{7BB32F0D-3083-481E-A303-00C79D442094}.Release|Any CPU.Build.0 = Release|Any CPU
	EndGlobalSection
	GlobalSection(SolutionProperties) = preSolution
		HideSolutionNode = FALSE
	EndGlobalSection
	GlobalSection(ExtensibilityGlobals) = postSolution
		SolutionGuid = {DF8A1A2D-DFA9-49C3-9027-EDB97342AFE0}
	EndGlobalSection
EndGlobal
